llvm-project 4633a23617fa31a3ea51242586ea7fb1da7140e426bd62fc164261fe036aa142
expat 354552544b8f99012e5062f7d570ec77f14b412a3ff5c7d8d0dae62c0d217c30
libmd 1bd6aa42275313af3141c7cf2e5b964e8b1fd488025caf2f971f43b00776b332
libXi d0e0555e53d6e2114eabfa44226ba162d2708501a25e18d99cfb35c094c6c104
libXcomposite fe40bcf0ae1a09070eba24088a5eb9810efe57453779ec1e20a55080c6dc2c87
libXdamage 52733c1f5262fca35f64e7d5060c6fcd81a880ba8e1e65c9621cf0727afb5d11
libXtst b50d4c25b97009a744706c1039c598f4d8e64910c9fde381994e1cae235d9242
libXpm 64b31f81019e7d388c822b0b28af8d51c4622b83f1f0cb6fa3fc95e271226e43
xf86-input-evdev 
xf86-input-evdev 8726073e81861bc7b2321e76272cbdbd33c7e1a121535a9827977265b9033ec0
