llvm-project 4633a23617fa31a3ea51242586ea7fb1da7140e426bd62fc164261fe036aa142
expat 354552544b8f99012e5062f7d570ec77f14b412a3ff5c7d8d0dae62c0d217c30
libmd 1bd6aa42275313af3141c7cf2e5b964e8b1fd488025caf2f971f43b00776b332
libXi d0e0555e53d6e2114eabfa44226ba162d2708501a25e18d99cfb35c094c6c104
libXcomposite fe40bcf0ae1a09070eba24088a5eb9810efe57453779ec1e20a55080c6dc2c87
libXdamage 52733c1f5262fca35f64e7d5060c6fcd81a880ba8e1e65c9621cf0727afb5d11
libXtst b50d4c25b97009a744706c1039c598f4d8e64910c9fde381994e1cae235d9242
libXpm 64b31f81019e7d388c822b0b28af8d51c4622b83f1f0cb6fa3fc95e271226e43
libepoxy a7ced37f4102b745ac86d6a70a9da399cc139ff168ba6b8002b4d8d43c900c15
at-spi2-core f0729e5c8765feb1969bb6c1fba18afa2582126b0359aa75a173fda1acf93c4c
libnl 2a56e1edefa3e68a7c00879496736fdbf62fc94ed3232c0baba127ecfa76874d
ncurses 136d91bc269a9a5785e5f9e980bc76ab57428f604ce3e5a5a90cebc767971cc6
nnn ba82d6c685bb3687521de2f576244f82558a4af9afeeedda434d5ecb1c029520
musl-fts 49ae567a96dbab22823d045ffebe0d6b14b9b799925e9ca9274d47d26ff482a6
libXaw 731d572b54c708f81e197a6afa8016918e2e06dfd3025e066ca642a5b8c39c8f
xcalc 8578dfa1457e94289f6d6ed6146714307d8a73a1b54d2f42af1321b625fc1cd4
xf86-video-fbdev 9c2bc0fb9af092804138e8d5cb5627cabf2919ef60f0d1544a95c4ac2047f387
libinput f6d623dd8230db337a6457645ebca96b9d4788a56385463bb14b8174910dfe23
xf86-input-libinput 2524c35f196554ea11aef3bba1cf324759454e1d49f98ac026ace2f6003580e6
